
Microsoft Visual Studio Solution File, Format Version 12.00
# Visual Studio Version 16
VisualStudioVersion = 16.0.30907.101
MinimumVisualStudioVersion = 10.0.40219.1
Project("{9A19103F-16F7-4668-BE54-9A1E7A4F7556}") = "MusicLibrary", "MusicLibrary\MusicLibrary.csproj", "{71CD2040-46B5-4FB5-8A21-7BBC6EF3D8F9}"
EndProject
Project("{FAE04EC0-301F-11D3-BF4B-00C04F79EFBC}") = "MusicLibraryTests", "MusicLibraryTests\MusicLibraryTests.csproj", "{124EC43C-6B67-4D29-A0F4-818A9765C31F}"
EndProject
Global
	GlobalSection(SolutionConfigurationPlatforms) = preSolution
		Debug|Any CPU = Debug|Any CPU
		Release|Any CPU = Release|Any CPU
	EndGlobalSection
	GlobalSection(ProjectConfigurationPlatforms) = postSolution
		{71CD2040-46B5-4FB5-8A21-7BBC6EF3D8F9}.Debug|Any CPU.ActiveCfg = Debug|Any CPU
		{71CD2040-46B5-4FB5-8A21-7BBC6EF3D8F9}.Debug|Any CPU.Build.0 = Debug|Any CPU
		{71CD2040-46B5-4FB5-8A21-7BBC6EF3D8F9}.Release|Any CPU.ActiveCfg = Release|Any CPU
		{71CD2040-46B5-4FB5-8A21-7BBC6EF3D8F9}.Release|Any CPU.Build.0 = Release|Any CPU
		{124EC43C-6B67-4D29-A0F4-818A9765C31F}.Debug|Any CPU.ActiveCfg = Debug|Any CPU
		{124EC43C-6B67-4D29-A0F4-818A9765C31F}.Debug|Any CPU.Build.0 = Debug|Any CPU
		{124EC43C-6B67-4D29-A0F4-818A9765C31F}.Release|Any CPU.ActiveCfg = Release|Any CPU
		{124EC43C-6B67-4D29-A0F4-818A9765C31F}.Release|Any CPU.Build.0 = Release|Any CPU
	EndGlobalSection
	GlobalSection(SolutionProperties) = preSolution
		HideSolutionNode = FALSE
	EndGlobalSection
	GlobalSection(ExtensibilityGlobals) = postSolution
		SolutionGuid = {AC297EDD-E7D6-4D6E-AC19-97E8B5D2912D}
	EndGlobalSection
EndGlobal
